
Microsoft Visual Studio Solution File, Format Version 12.00
# Visual Studio Version 17
VisualStudioVersion = 17.8.34322.80
MinimumVisualStudioVersion = 10.0.40219.1
Project("{9A19103F-16F7-4668-BE54-9A1E7A4F7556}") = "Stage0", "Stage0\Stage0.csproj", "{26E69172-B32E-47E0-91DE-1477000CBDF9}"
EndProject
Project("{2150E333-8FDC-42A3-9474-1A3956D46DE8}") = "Solution Items", "Solution Items", "{5AE3FB3F-4B70-4F24-9F81-0F3A4556067C}"
	ProjectSection(SolutionItems) = preProject
		README.md = README.md
	EndProjectSection
EndProject
Project("{FAE04EC0-301F-11D3-BF4B-00C04F79EFBC}") = "DalFacade", "DalFacade\DalFacade.csproj", "{61DE43A7-106B-4983-B60E-952BBA5D99A4}"
EndProject
Project("{FAE04EC0-301F-11D3-BF4B-00C04F79EFBC}") = "DalList", "DalList\DalList.csproj", "{AD0348D2-8E5B-4F81-9727-C88738DCD446}"
EndProject
Project("{FAE04EC0-301F-11D3-BF4B-00C04F79EFBC}") = "DalTest", "DalTest\DalTest.csproj", "{A037A3A4-DBB9-4072-A261-F2A89B77F30F}"
EndProject
Global
	GlobalSection(SolutionConfigurationPlatforms) = preSolution
		Debug|Any CPU = Debug|Any CPU
		Release|Any CPU = Release|Any CPU
	EndGlobalSection
	GlobalSection(ProjectConfigurationPlatforms) = postSolution
		{26E69172-B32E-47E0-91DE-1477000CBDF9}.Debug|Any CPU.ActiveCfg = Debug|Any CPU
		{26E69172-B32E-47E0-91DE-1477000CBDF9}.Debug|Any CPU.Build.0 = Debug|Any CPU
		{26E69172-B32E-47E0-91DE-1477000CBDF9}.Release|Any CPU.ActiveCfg = Release|Any CPU
		{26E69172-B32E-47E0-91DE-1477000CBDF9}.Release|Any CPU.Build.0 = Release|Any CPU
		{61DE43A7-106B-4983-B60E-952BBA5D99A4}.Debug|Any CPU.ActiveCfg = Debug|Any CPU
		{61DE43A7-106B-4983-B60E-952BBA5D99A4}.Debug|Any CPU.Build.0 = Debug|Any CPU
		{61DE43A7-106B-4983-B60E-952BBA5D99A4}.Release|Any CPU.ActiveCfg = Release|Any CPU
		{61DE43A7-106B-4983-B60E-952BBA5D99A4}.Release|Any CPU.Build.0 = Release|Any CPU
		{AD0348D2-8E5B-4F81-9727-C88738DCD446}.Debug|Any CPU.ActiveCfg = Debug|Any CPU
		{AD0348D2-8E5B-4F81-9727-C88738DCD446}.Debug|Any CPU.Build.0 = Debug|Any CPU
		{AD0348D2-8E5B-4F81-9727-C88738DCD446}.Release|Any CPU.ActiveCfg = Release|Any CPU
		{AD0348D2-8E5B-4F81-9727-C88738DCD446}.Release|Any CPU.Build.0 = Release|Any CPU
		{A037A3A4-DBB9-4072-A261-F2A89B77F30F}.Debug|Any CPU.ActiveCfg = Debug|Any CPU
		{A037A3A4-DBB9-4072-A261-F2A89B77F30F}.Debug|Any CPU.Build.0 = Debug|Any CPU
		{A037A3A4-DBB9-4072-A261-F2A89B77F30F}.Release|Any CPU.ActiveCfg = Release|Any CPU
		{A037A3A4-DBB9-4072-A261-F2A89B77F30F}.Release|Any CPU.Build.0 = Release|Any CPU
	EndGlobalSection
	GlobalSection(SolutionProperties) = preSolution
		HideSolutionNode = FALSE
	EndGlobalSection
	GlobalSection(ExtensibilityGlobals) = postSolution
		SolutionGuid = {9852C051-D7CA-41A6-A2A4-3D94453B7F21}
	EndGlobalSection
EndGlobal
